
Microsoft Visual Studio Solution File, Format Version 12.00
# Visual Studio Version 17
VisualStudioVersion = 17.7.34024.191
MinimumVisualStudioVersion = 10.0.40219.1
Project("{888888A0-9F3D-457C-B088-3A5042F75D52}") = "First Project", "First Project\First Project.pyproj", "{6CFB3199-5084-4B7E-9A21-8D97968E47C8}"
EndProject
Global
	GlobalSection(SolutionConfigurationPlatforms) = preSolution
		Debug|Any CPU = Debug|Any CPU
		Release|Any CPU = Release|Any CPU
	EndGlobalSection
	GlobalSection(ProjectConfigurationPlatforms) = postSolution
		{6CFB3199-5084-4B7E-9A21-8D97968E47C8}.Debug|Any CPU.ActiveCfg = Debug|Any CPU
		{6CFB3199-5084-4B7E-9A21-8D97968E47C8}.Release|Any CPU.ActiveCfg = Release|Any CPU
	EndGlobalSection
	GlobalSection(SolutionProperties) = preSolution
		HideSolutionNode = FALSE
	EndGlobalSection
	GlobalSection(ExtensibilityGlobals) = postSolution
		SolutionGuid = {607A7444-C80A-40F0-80D6-D7C0C7709CCE}
	EndGlobalSection
EndGlobal
